lockfileVersion: '6.0'

settings:
  autoInstallPeers: true
  excludeLinksFromLockfile: false

dependencies:
  '@nestjs/mapped-types':
    specifier: '*'
    version: 0.0.1(class-transformer@0.2.3)(class-validator@0.11.1)(reflect-metadata@0.1.14)
  nestjs-soap:
    specifier: ^3.0.2
    version: 3.0.2(@nestjs/common@10.4.13)

packages:

  /@lukeed/csprng@1.1.0:
    resolution: {integrity: sha512-Z7C/xXCiGWsg0KuKsHTKJxbWhpI3Vs5GwLfOean7MGyVFGqdRgBbAjOCh6u4bbjPc/8MJ2pZmK/0DLdCbivLDA==}
    engines: {node: '>=8'}
    dev: false

  /@nestjs/common@10.4.13(class-transformer@0.2.3)(class-validator@0.11.1)(reflect-metadata@0.1.14)(rxjs@7.8.1):
    resolution: {integrity: sha512-NVJ2UYMRdMkxCcwmoWP8xihpUyd1uqKR+7QqTF3m8aedufpZm8W6WbUmNkD1j/o9TxRzhKW43PemeSMigZj+Bw==}
    peerDependencies:
      class-transformer: '*'
      class-validator: '*'
      reflect-metadata: ^0.1.12 || ^0.2.0
      rxjs: ^7.1.0
    peerDependenciesMeta:
      class-transformer:
        optional: true
      class-validator:
        optional: true
    dependencies:
      class-transformer: 0.2.3
      class-validator: 0.11.1
      iterare: 1.2.1
      reflect-metadata: 0.1.14
      rxjs: 7.8.1
      tslib: 2.8.1
      uid: 2.0.2
    dev: false

  /@nestjs/mapped-types@0.0.1(class-transformer@0.2.3)(class-validator@0.11.1)(reflect-metadata@0.1.14):
    resolution: {integrity: sha512-4G4Ui7Sj0UqXiZsUFk/6cPD3K7uZEFSElzkOftaJ3/lXW+HUi1/vfWXabF53qrzO1enTRQDxt1plDbP6SsqXEg==}
    peerDependencies:
      class-transformer: ^0.2.3
      class-validator: ^0.11.1
      reflect-metadata: ^0.1.12
    dependencies:
      class-transformer: 0.2.3
      class-validator: 0.11.1
      reflect-metadata: 0.1.14
    dev: false

  /@types/validator@10.11.3:
    resolution: {integrity: sha512-GKF2VnEkMmEeEGvoo03ocrP9ySMuX1ypKazIYMlsjfslfBMhOAtC5dmEWKdJioW4lJN7MZRS88kalTsVClyQ9w==}
    dev: false

  /@xmldom/is-dom-node@1.0.1:
    resolution: {integrity: sha512-CJDxIgE5I0FH+ttq/Fxy6nRpxP70+e2O048EPe85J2use3XKdatVM7dDVvFNjQudd9B49NPoZ+8PG49zj4Er8Q==}
    engines: {node: '>= 16'}
    dev: false

  /@xmldom/xmldom@0.8.10:
    resolution: {integrity: sha512-2WALfTl4xo2SkGCYRt6rDTFfk9R1czmBvUQy12gK2KuRKIpWEhcbbzy8EZXtz/jkRqHX8bFEc6FC1HjX4TUWYw==}
    engines: {node: '>=10.0.0'}
    dev: false

  /asap@2.0.6:
    resolution: {integrity: sha512-BSHWgDSAiKs50o2Re8ppvp3seVHXSRM44cdSsT9FfNEUUZLOGWVCsiWaRPWM1Znn+mqZ1OfVZ3z3DWEzSp7hRA==}
    dev: false

  /asynckit@0.4.0:
    resolution: {integrity: sha512-Oei9OH4tRh0YqU3GxhX79dM/mwVgvbZJaSNaRk+bshkj0S5cfHcgYakreBjrHwatXKbz+IoIdYLxrKim2MjW0Q==}
    dev: false

  /axios-ntlm@1.4.2(debug@4.3.7):
    resolution: {integrity: sha512-8mS/uhmSWiRBiFKQvysPbX1eDBp6e+eXskmasuAXRHrn1Zjgji3O/oGXzXLw7tOhyD9nho1vGjZ2OYOD3cCvHg==}
    dependencies:
      axios: 1.7.8(debug@4.3.7)
      des.js: 1.1.0
      dev-null: 0.1.1
      js-md4: 0.3.2
    transitivePeerDependencies:
      - debug
    dev: false

  /axios@1.7.8(debug@4.3.7):
    resolution: {integrity: sha512-Uu0wb7KNqK2t5K+YQyVCLM76prD5sRFjKHbJYCP1J7JFGEQ6nN7HWn9+04LAeiJ3ji54lgS/gZCH1oxyrf1SPw==}
    dependencies:
      follow-redirects: 1.15.9(debug@4.3.7)
      form-data: 4.0.1
      proxy-from-env: 1.1.0
    transitivePeerDependencies:
      - debug
    dev: false

  /class-transformer@0.2.3:
    resolution: {integrity: sha512-qsP+0xoavpOlJHuYsQJsN58HXSl8Jvveo+T37rEvCEeRfMWoytAyR0Ua/YsFgpM6AZYZ/og2PJwArwzJl1aXtQ==}
    dev: false

  /class-validator@0.11.1:
    resolution: {integrity: sha512-6CGdjwJLmKw+sQbK5ZDo1v1yTajkqfPOUDWSYVIlhUiCh6Phy8sAnMFE2XKHAcKAdoOz4jJUQhjPQWPYUuHxrA==}
    dependencies:
      '@types/validator': 10.11.3
      google-libphonenumber: 3.2.40
      validator: 12.0.0
    dev: false

  /combined-stream@1.0.8:
    resolution: {integrity: sha512-FQN4MRfuJeHf7cBbBMJFXhKSDq+2kAArBlmRBvcvFE5BB1HZKXtSFASDhdlz9zOYwxh8lDdnvmMOe/+5cdoEdg==}
    engines: {node: '>= 0.8'}
    dependencies:
      delayed-stream: 1.0.0
    dev: false

  /debug@4.3.7:
    resolution: {integrity: sha512-Er2nc/H7RrMXZBFCEim6TCmMk02Z8vLC2Rbi1KEBggpo0fS6l0S1nnapwmIi3yW/+GOJap1Krg4w0Hg80oCqgQ==}
    engines: {node: '>=6.0'}
    peerDependencies:
      supports-color: '*'
    peerDependenciesMeta:
      supports-color:
        optional: true
    dependencies:
      ms: 2.1.3
    dev: false

  /delayed-stream@1.0.0:
    resolution: {integrity: sha512-ZySD7Nf91aLB0RxL4KGrKHBXl7Eds1DAmEdcoVawXnLD7SDhpNgtuII2aAkg7a7QS41jxPSZ17p4VdGnMHk3MQ==}
    engines: {node: '>=0.4.0'}
    dev: false

  /des.js@1.1.0:
    resolution: {integrity: sha512-r17GxjhUCjSRy8aiJpr8/UadFIzMzJGexI3Nmz4ADi9LYSFx4gTBp80+NaX/YsXWWLhpZ7v/v/ubEc/bCNfKwg==}
    dependencies:
      inherits: 2.0.4
      minimalistic-assert: 1.0.1
    dev: false

  /dev-null@0.1.1:
    resolution: {integrity: sha512-nMNZG0zfMgmdv8S5O0TM5cpwNbGKRGPCxVsr0SmA3NZZy9CYBbuNLL0PD3Acx9e5LIUgwONXtM9kM6RlawPxEQ==}
    dev: false

  /dezalgo@1.0.4:
    resolution: {integrity: sha512-rXSP0bf+5n0Qonsb+SVVfNfIsimO4HEtmnIpPHY8Q1UCzKlQrDMfdobr8nJOOsRgWCyMRqeSBQzmWUMq7zvVig==}
    dependencies:
      asap: 2.0.6
      wrappy: 1.0.2
    dev: false

  /follow-redirects@1.15.9(debug@4.3.7):
    resolution: {integrity: sha512-gew4GsXizNgdoRyqmyfMHyAmXsZDk6mHkSxZFCzW9gwlbtOW44CDtYavM+y+72qD/Vq2l550kMF52DT8fOLJqQ==}
    engines: {node: '>=4.0'}
    peerDependencies:
      debug: '*'
    peerDependenciesMeta:
      debug:
        optional: true
    dependencies:
      debug: 4.3.7
    dev: false

  /form-data@4.0.1:
    resolution: {integrity: sha512-tzN8e4TX8+kkxGPK8D5u0FNmjPUjw3lwC9lSLxxoB/+GtsJG91CO8bSWy73APlgAZzZbXEYZJuxjkHH2w+Ezhw==}
    engines: {node: '>= 6'}
    dependencies:
      asynckit: 0.4.0
      combined-stream: 1.0.8
      mime-types: 2.1.35
    dev: false

  /formidable@3.5.2:
    resolution: {integrity: sha512-Jqc1btCy3QzRbJaICGwKcBfGWuLADRerLzDqi2NwSt/UkXLsHJw2TVResiaoBufHVHy9aSgClOHCeJsSsFLTbg==}
    dependencies:
      dezalgo: 1.0.4
      hexoid: 2.0.0
      once: 1.4.0
    dev: false

  /get-stream@6.0.1:
    resolution: {integrity: sha512-ts6Wi+2j3jQjqi70w5AlN8DFnkSwC+MqmxEzdEALB2qXZYV3X/b1CTfgPLGJNMeAWxdPfU8FO1ms3NUfaHCPYg==}
    engines: {node: '>=10'}
    dev: false

  /google-libphonenumber@3.2.40:
    resolution: {integrity: sha512-bzGxX/vfggcV80LVcibki+JvR91x6zHpBpovDXSfmZUGn6uLzhbYXsWll2a80EG6qTmvf8lt7KZZ/pkMml8ckw==}
    engines: {node: '>=0.10'}
    dev: false

  /hexoid@2.0.0:
    resolution: {integrity: sha512-qlspKUK7IlSQv2o+5I7yhUd7TxlOG2Vr5LTa3ve2XSNVKAL/n/u/7KLvKmFNimomDIKvZFXWHv0T12mv7rT8Aw==}
    engines: {node: '>=8'}
    dev: false

  /inherits@2.0.4:
    resolution: {integrity: sha512-k/vGaX4/Yla3WzyMCvTQOXYeIHvqOKtnqBduzTHpzpQZzAskKMhZ2K+EnBiSM9zGSoIFeMpXKxa4dYeZIQqewQ==}
    dev: false

  /iterare@1.2.1:
    resolution: {integrity: sha512-RKYVTCjAnRthyJes037NX/IiqeidgN1xc3j1RjFfECFp28A1GVwK9nA+i0rJPaHqSZwygLzRnFlzUuHFoWWy+Q==}
    engines: {node: '>=6'}
    dev: false

  /js-md4@0.3.2:
    resolution: {integrity: sha512-/GDnfQYsltsjRswQhN9fhv3EMw2sCpUdrdxyWDOUK7eyD++r3gRhzgiQgc/x4MAv2i1iuQ4lxO5mvqM3vj4bwA==}
    dev: false

  /lodash@4.17.21:
    resolution: {integrity: sha512-v2kDEe57lecTulaDIuNTPy3Ry4gLGJ6Z1O3vE1krgXZNrsQ+LFTGHVxVjcXPs17LhbZVGedAJv8XZ1tvj5FvSg==}
    dev: false

  /mime-db@1.52.0:
    resolution: {integrity: sha512-sPU4uV7dYlvtWJxwwxHD0PuihVNiE7TyAbQ5SWxDCB9mUYvOgroQOwYQQOKPJ8CIbE+1ETVlOoK1UC2nU3gYvg==}
    engines: {node: '>= 0.6'}
    dev: false

  /mime-types@2.1.35:
    resolution: {integrity: sha512-ZDY+bPm5zTTF+YpCrAU9nK0UgICYPT0QtT1NZWFv4s++TNkcgVaT0g6+4R2uI4MjQjzysHB1zxuWL50hzaeXiw==}
    engines: {node: '>= 0.6'}
    dependencies:
      mime-db: 1.52.0
    dev: false

  /minimalistic-assert@1.0.1:
    resolution: {integrity: sha512-UtJcAD4yEaGtjPezWuO9wC4nwUnVH/8/Im3yEHQP4b67cXlD/Qr9hdITCU1xDbSEXg2XKNaP8jsReV7vQd00/A==}
    dev: false

  /ms@2.1.3:
    resolution: {integrity: sha512-6FlzubTLZG3J2a/NVCAleEhjzq5oxgHyaCU9yYXvcLsvoVaHJq/s5xXI6/XXP6tz7R9xAOtHnSO/tXtF3WRTlA==}
    dev: false

  /nestjs-soap@3.0.2(@nestjs/common@10.4.13):
    resolution: {integrity: sha512-aeoh9BnISVV3agy74Ni9OlbCmelatllUt8sHgZ5/MwsKYYXNEY71+BKBmz1Dn2XMYprmgyW3U+pMgGfb5Lfl6w==}
    engines: {node: '>=12.0.0'}
    peerDependencies:
      '@nestjs/common': ^8.4.0 || ^9.0.0 || ^10.0.0
    dependencies:
      '@nestjs/common': 10.4.13(class-transformer@0.2.3)(class-validator@0.11.1)(reflect-metadata@0.1.14)(rxjs@7.8.1)
      soap: 1.1.6
    transitivePeerDependencies:
      - supports-color
    dev: false

  /once@1.4.0:
    resolution: {integrity: sha512-lNaJgI+2Q5URQBkccEKHTQOPaXdUxnZZElQTZY0MFUAuaEqe1E+Nyvgdz/aIyNi6Z9MzO5dv1H8n58/GELp3+w==}
    dependencies:
      wrappy: 1.0.2
    dev: false

  /proxy-from-env@1.1.0:
    resolution: {integrity: sha512-D+zkORCbA9f1tdWRK0RaCR3GPv50cMxcrz4X8k5LTSUD1Dkw47mKJEZQNunItRTkWwgtaUSo1RVFRIG9ZXiFYg==}
    dev: false

  /reflect-metadata@0.1.14:
    resolution: {integrity: sha512-ZhYeb6nRaXCfhnndflDK8qI6ZQ/YcWZCISRAWICW9XYqMUwjZM9Z0DveWX/ABN01oxSHwVxKQmxeYZSsm0jh5A==}
    dev: false

  /rxjs@7.8.1:
    resolution: {integrity: sha512-AA3TVj+0A2iuIoQkWEK/tqFjBq2j+6PO6Y0zJcvzLAFhEFIO3HL0vls9hWLncZbAAbK0mar7oZ4V079I/qPMxg==}
    dependencies:
      tslib: 2.8.1
    dev: false

  /sax@1.4.1:
    resolution: {integrity: sha512-+aWOz7yVScEGoKNd4PA10LZ8sk0A/z5+nXQG5giUO5rprX9jgYsTdov9qCchZiPIZezbZH+jRut8nPodFAX4Jg==}
    dev: false

  /soap@1.1.6:
    resolution: {integrity: sha512-em3PDqr5kQjzDRkWRQ4JMCPg32uMonSdLds0QgRJrJBLid1/LHdhUgQuPxJA6SFV1/58Wu7HWIypmW+vqmUPlw==}
    engines: {node: '>=14.0.0'}
    dependencies:
      axios: 1.7.8(debug@4.3.7)
      axios-ntlm: 1.4.2(debug@4.3.7)
      debug: 4.3.7
      formidable: 3.5.2
      get-stream: 6.0.1
      lodash: 4.17.21
      sax: 1.4.1
      strip-bom: 3.0.0
      whatwg-mimetype: 4.0.0
      xml-crypto: 6.0.0
    transitivePeerDependencies:
      - supports-color
    dev: false

  /strip-bom@3.0.0:
    resolution: {integrity: sha512-vavAMRXOgBVNF6nyEEmL3DBK19iRpDcoIwW+swQ+CbGiu7lju6t+JklA1MHweoWtadgt4ISVUsXLyDq34ddcwA==}
    engines: {node: '>=4'}
    dev: false

  /tslib@2.8.1:
    resolution: {integrity: sha512-oJFu94HQb+KVduSUQL7wnpmqnfmLsOA/nAh6b6EH0wCEoK0/mPeXU6c3wKDV83MkOuHPRHtSXKKU99IBazS/2w==}
    dev: false

  /uid@2.0.2:
    resolution: {integrity: sha512-u3xV3X7uzvi5b1MncmZo3i2Aw222Zk1keqLA1YkHldREkAhAqi65wuPfe7lHx8H/Wzy+8CE7S7uS3jekIM5s8g==}
    engines: {node: '>=8'}
    dependencies:
      '@lukeed/csprng': 1.1.0
    dev: false

  /validator@12.0.0:
    resolution: {integrity: sha512-r5zA1cQBEOgYlesRmSEwc9LkbfNLTtji+vWyaHzRZUxCTHdsX3bd+sdHfs5tGZ2W6ILGGsxWxCNwT/h3IY/3ng==}
    engines: {node: '>= 0.10'}
    dev: false

  /whatwg-mimetype@4.0.0:
    resolution: {integrity: sha512-QaKxh0eNIi2mE9p2vEdzfagOKHCcj1pJ56EEHGQOVxp8r9/iszLUUV7v89x9O1p/T+NlTM5W7jW6+cz4Fq1YVg==}
    engines: {node: '>=18'}
    dev: false

  /wrappy@1.0.2:
    resolution: {integrity: sha512-l4Sp/DRseor9wL6EvV2+TuQn63dMkPjZ/sp9XkghTEbV9KlPS1xUsZ3u7/IQO4wxtcFB4bgpQPRcR3QCvezPcQ==}
    dev: false

  /xml-crypto@6.0.0:
    resolution: {integrity: sha512-L3RgnkaDrHaYcCnoENv4Idzt1ZRj5U1z1BDH98QdDTQfssScx8adgxhd9qwyYo+E3fXbQZjEQH7aiXHLVgxGvw==}
    engines: {node: '>=16'}
    dependencies:
      '@xmldom/is-dom-node': 1.0.1
      '@xmldom/xmldom': 0.8.10
      xpath: 0.0.33
    dev: false

  /xpath@0.0.33:
    resolution: {integrity: sha512-NNXnzrkDrAzalLhIUc01jO2mOzXGXh1JwPgkihcLLzw98c0WgYDmmjSh1Kl3wzaxSVWMuA+fe0WTWOBDWCBmNA==}
    engines: {node: '>=0.6.0'}
    dev: false
